# This file is automatically @generated by Cargo.
# It is not intended for manual editing.
version = 4

[[package]]
name = "higher-kinded-types"
version = "0.3.1"
source = "registry+https://github.com/rust-lang/crates.io-index"
checksum = "083edcd23a4664218793f7562d2c135fb5a4ba73cd8cfb782aeec106a062be2a"
dependencies = [
 "macro_rules_attribute",
 "never-say-never",
 "pastey",
]

[[package]]
name = "macro_rules_attribute"
version = "0.2.3"
source = "registry+https://github.com/rust-lang/crates.io-index"
checksum = "b3ae8f6d608c795738406608304d30a2dfbdc8e58e44f7ba43236da5208ded3c"
dependencies = [
 "macro_rules_attribute-proc_macro",
 "pastey",
]

[[package]]
name = "macro_rules_attribute-proc_macro"
version = "0.2.3"
source = "registry+https://github.com/rust-lang/crates.io-index"
checksum = "fc04a4c58212d57930a24bf47d3fa87485264a3a054e9c10e042eb373573ad3c"

[[package]]
name = "never-say-never"
version = "6.6.666"
source = "registry+https://github.com/rust-lang/crates.io-index"
checksum = "cf5a574dadd7941adeaa71823ecba5e28331b8313fb2e1c6a5c7e5981ea53ad6"

[[package]]
name = "pastey"
version = "0.2.3"
source = "registry+https://github.com/rust-lang/crates.io-index"
checksum = "2ee67f1008b1ba2321834326597b8e186293b049a023cdef258527550b9935b4"

[[package]]
name = "polonius-the-crab"
version = "0.6.0-rc1"
dependencies = [
 "higher-kinded-types",
 "never-say-never",
]
