# This file is automatically @generated by Cargo.
# It is not intended for manual editing.
version = 3

[[package]]
name = "higher-kinded-types"
version = "0.2.1"
source = "registry+https://github.com/rust-lang/crates.io-index"
checksum = "e690f8474c6c5d8ff99656fcbc195a215acc3949481a8b0b3351c838972dc776"
dependencies = [
 "macro_rules_attribute",
 "never-say-never",
 "paste",
]

[[package]]
name = "macro_rules_attribute"
version = "0.2.2"
source = "registry+https://github.com/rust-lang/crates.io-index"
checksum = "65049d7923698040cd0b1ddcced9b0eb14dd22c5f86ae59c3740eab64a676520"
dependencies = [
 "macro_rules_attribute-proc_macro",
 "paste",
]

[[package]]
name = "macro_rules_attribute-proc_macro"
version = "0.2.2"
source = "registry+https://github.com/rust-lang/crates.io-index"
checksum = "670fdfda89751bc4a84ac13eaa63e205cf0fd22b4c9a5fbfa085b63c1f1d3a30"

[[package]]
name = "never-say-never"
version = "6.6.666"
source = "registry+https://github.com/rust-lang/crates.io-index"
checksum = "cf5a574dadd7941adeaa71823ecba5e28331b8313fb2e1c6a5c7e5981ea53ad6"

[[package]]
name = "paste"
version = "1.0.15"
source = "registry+https://github.com/rust-lang/crates.io-index"
checksum = "57c0d7b74b563b49d38dae00a0c37d4d6de9b432382b2892f0574ddcae73fd0a"

[[package]]
name = "polonius-the-crab"
version = "0.4.3-rc1"
dependencies = [
 "higher-kinded-types",
 "never-say-never",
]
